
Microsoft Visual Studio Solution File, Format Version 12.00
# Visual Studio 14
VisualStudioVersion = 14.0.23107.0
MinimumVisualStudioVersion = 10.0.40219.1
Project("{FAE04EC0-301F-11D3-BF4B-00C04F79EFBC}") = "NEngine", "NEngine\NEngine.csproj", "{56DD4681-40B2-4376-95E6-5E22559F85D9}"
EndProject
Project("{FAE04EC0-301F-11D3-BF4B-00C04F79EFBC}") = "Math", "Math\Math.csproj", "{1A950A35-ED0D-4EDB-BF78-49F0256C485A}"
EndProject
Project("{FAE04EC0-301F-11D3-BF4B-00C04F79EFBC}") = "MathTests", "MathTests\MathTests.csproj", "{B2862479-91EC-4565-AB3F-AC55CF69E54E}"
EndProject
Global
	GlobalSection(SolutionConfigurationPlatforms) = preSolution
		Debug|Any CPU = Debug|Any CPU
		Release|Any CPU = Release|Any CPU
	EndGlobalSection
	GlobalSection(ProjectConfigurationPlatforms) = postSolution
		{56DD4681-40B2-4376-95E6-5E22559F85D9}.Debug|Any CPU.ActiveCfg = Debug|Any CPU
		{56DD4681-40B2-4376-95E6-5E22559F85D9}.Debug|Any CPU.Build.0 = Debug|Any CPU
		{56DD4681-40B2-4376-95E6-5E22559F85D9}.Release|Any CPU.ActiveCfg = Release|Any CPU
		{56DD4681-40B2-4376-95E6-5E22559F85D9}.Release|Any CPU.Build.0 = Release|Any CPU
		{1A950A35-ED0D-4EDB-BF78-49F0256C485A}.Debug|Any CPU.ActiveCfg = Debug|Any CPU
		{1A950A35-ED0D-4EDB-BF78-49F0256C485A}.Debug|Any CPU.Build.0 = Debug|Any CPU
		{1A950A35-ED0D-4EDB-BF78-49F0256C485A}.Release|Any CPU.ActiveCfg = Release|Any CPU
		{1A950A35-ED0D-4EDB-BF78-49F0256C485A}.Release|Any CPU.Build.0 = Release|Any CPU
		{B2862479-91EC-4565-AB3F-AC55CF69E54E}.Debug|Any CPU.ActiveCfg = Debug|Any CPU
		{B2862479-91EC-4565-AB3F-AC55CF69E54E}.Debug|Any CPU.Build.0 = Debug|Any CPU
		{B2862479-91EC-4565-AB3F-AC55CF69E54E}.Release|Any CPU.ActiveCfg = Release|Any CPU
		{B2862479-91EC-4565-AB3F-AC55CF69E54E}.Release|Any CPU.Build.0 = Release|Any CPU
	EndGlobalSection
	GlobalSection(SolutionProperties) = preSolution
		HideSolutionNode = FALSE
	EndGlobalSection
EndGlobal
