
Microsoft Visual Studio Solution File, Format Version 12.00
# Visual Studio Version 16
VisualStudioVersion = 16.0.29201.188
MinimumVisualStudioVersion = 10.0.40219.1
Project("{FAE04EC0-301F-11D3-BF4B-00C04F79EFBC}") = "NEngine", "NEngine\NEngine.csproj", "{56DD4681-40B2-4376-95E6-5E22559F85D9}"
EndProject
Project("{FAE04EC0-301F-11D3-BF4B-00C04F79EFBC}") = "Math", "Math\Math.csproj", "{1A950A35-ED0D-4EDB-BF78-49F0256C485A}"
EndProject
Project("{FAE04EC0-301F-11D3-BF4B-00C04F79EFBC}") = "MathTests", "MathTests\MathTests.csproj", "{B2862479-91EC-4565-AB3F-AC55CF69E54E}"
EndProject
Project("{FAE04EC0-301F-11D3-BF4B-00C04F79EFBC}") = "NEngine.Editor", "NEngine.Editor\NEngine.Editor.csproj", "{2621FA89-19AA-4952-9728-A36F17F2C61F}"
	ProjectSection(ProjectDependencies) = postProject
		{7EAF6F3A-13EC-452F-BA72-8C2D2552F789} = {7EAF6F3A-13EC-452F-BA72-8C2D2552F789}
	EndProjectSection
EndProject
Project("{FAE04EC0-301F-11D3-BF4B-00C04F79EFBC}") = "NEngine.Rendering", "NEngine.Rendering\NEngine.Rendering.csproj", "{0827E44D-F722-40C6-A69A-0E8BE82E2126}"
EndProject
Project("{FAE04EC0-301F-11D3-BF4B-00C04F79EFBC}") = "CodeInjection.Experimental", "CodeInjection.Experimental\CodeInjection.Experimental.csproj", "{447A56D6-721A-406F-BC00-37542D676D1C}"
EndProject
Project("{FAE04EC0-301F-11D3-BF4B-00C04F79EFBC}") = "ECS.CodeInjection.Fody", "ECS.CodeInjection.Fody\ECS.CodeInjection.Fody.csproj", "{7EAF6F3A-13EC-452F-BA72-8C2D2552F789}"
EndProject
Project("{FAE04EC0-301F-11D3-BF4B-00C04F79EFBC}") = "ECS.Experimental", "ECS.Experimental\ECS.Experimental.csproj", "{4257056A-5D3D-4887-829C-0F80FB109BBB}"
EndProject
Project("{FAE04EC0-301F-11D3-BF4B-00C04F79EFBC}") = "ECSTest", "ECSTest\ECSTest.csproj", "{5BB397E0-02B8-4771-92C4-3539E94D4F45}"
EndProject
Project("{2150E333-8FDC-42A3-9474-1A3956D46DE8}") = "Experimental", "Experimental", "{B295277B-9843-4A9B-9576-9F39767F9145}"
EndProject
Project("{FAE04EC0-301F-11D3-BF4B-00C04F79EFBC}") = "Logger", "Logger\Logger.csproj", "{624CC7D3-0834-4975-A60D-9DE2233DD4AC}"
EndProject
Project("{FAE04EC0-301F-11D3-BF4B-00C04F79EFBC}") = "ECS.Experimental.ConsoleApplication", "ECS.Experimental.ConsoleApplication\ECS.Experimental.ConsoleApplication.csproj", "{B3AF956D-F2BA-4BB3-9EDA-FCC587D63AC0}"
	ProjectSection(ProjectDependencies) = postProject
		{5BB397E0-02B8-4771-92C4-3539E94D4F45} = {5BB397E0-02B8-4771-92C4-3539E94D4F45}
	EndProjectSection
EndProject
Global
	GlobalSection(SolutionConfigurationPlatforms) = preSolution
		Debug|Any CPU = Debug|Any CPU
		Release|Any CPU = Release|Any CPU
	EndGlobalSection
	GlobalSection(ProjectConfigurationPlatforms) = postSolution
		{56DD4681-40B2-4376-95E6-5E22559F85D9}.Debug|Any CPU.ActiveCfg = Debug|Any CPU
		{56DD4681-40B2-4376-95E6-5E22559F85D9}.Debug|Any CPU.Build.0 = Debug|Any CPU
		{56DD4681-40B2-4376-95E6-5E22559F85D9}.Release|Any CPU.ActiveCfg = Release|Any CPU
		{56DD4681-40B2-4376-95E6-5E22559F85D9}.Release|Any CPU.Build.0 = Release|Any CPU
		{1A950A35-ED0D-4EDB-BF78-49F0256C485A}.Debug|Any CPU.ActiveCfg = Debug|Any CPU
		{1A950A35-ED0D-4EDB-BF78-49F0256C485A}.Debug|Any CPU.Build.0 = Debug|Any CPU
		{1A950A35-ED0D-4EDB-BF78-49F0256C485A}.Release|Any CPU.ActiveCfg = Release|Any CPU
		{1A950A35-ED0D-4EDB-BF78-49F0256C485A}.Release|Any CPU.Build.0 = Release|Any CPU
		{B2862479-91EC-4565-AB3F-AC55CF69E54E}.Debug|Any CPU.ActiveCfg = Debug|Any CPU
		{B2862479-91EC-4565-AB3F-AC55CF69E54E}.Debug|Any CPU.Build.0 = Debug|Any CPU
		{B2862479-91EC-4565-AB3F-AC55CF69E54E}.Release|Any CPU.ActiveCfg = Release|Any CPU
		{B2862479-91EC-4565-AB3F-AC55CF69E54E}.Release|Any CPU.Build.0 = Release|Any CPU
		{2621FA89-19AA-4952-9728-A36F17F2C61F}.Debug|Any CPU.ActiveCfg = Debug|Any CPU
		{2621FA89-19AA-4952-9728-A36F17F2C61F}.Debug|Any CPU.Build.0 = Debug|Any CPU
		{2621FA89-19AA-4952-9728-A36F17F2C61F}.Release|Any CPU.ActiveCfg = Release|Any CPU
		{2621FA89-19AA-4952-9728-A36F17F2C61F}.Release|Any CPU.Build.0 = Release|Any CPU
		{0827E44D-F722-40C6-A69A-0E8BE82E2126}.Debug|Any CPU.ActiveCfg = Debug|Any CPU
		{0827E44D-F722-40C6-A69A-0E8BE82E2126}.Debug|Any CPU.Build.0 = Debug|Any CPU
		{0827E44D-F722-40C6-A69A-0E8BE82E2126}.Release|Any CPU.ActiveCfg = Release|Any CPU
		{0827E44D-F722-40C6-A69A-0E8BE82E2126}.Release|Any CPU.Build.0 = Release|Any CPU
		{447A56D6-721A-406F-BC00-37542D676D1C}.Debug|Any CPU.ActiveCfg = Debug|Any CPU
		{447A56D6-721A-406F-BC00-37542D676D1C}.Debug|Any CPU.Build.0 = Debug|Any CPU
		{447A56D6-721A-406F-BC00-37542D676D1C}.Release|Any CPU.ActiveCfg = Release|Any CPU
		{447A56D6-721A-406F-BC00-37542D676D1C}.Release|Any CPU.Build.0 = Release|Any CPU
		{7EAF6F3A-13EC-452F-BA72-8C2D2552F789}.Debug|Any CPU.ActiveCfg = Debug|Any CPU
		{7EAF6F3A-13EC-452F-BA72-8C2D2552F789}.Debug|Any CPU.Build.0 = Debug|Any CPU
		{7EAF6F3A-13EC-452F-BA72-8C2D2552F789}.Release|Any CPU.ActiveCfg = Release|Any CPU
		{7EAF6F3A-13EC-452F-BA72-8C2D2552F789}.Release|Any CPU.Build.0 = Release|Any CPU
		{4257056A-5D3D-4887-829C-0F80FB109BBB}.Debug|Any CPU.ActiveCfg = Debug|Any CPU
		{4257056A-5D3D-4887-829C-0F80FB109BBB}.Debug|Any CPU.Build.0 = Debug|Any CPU
		{4257056A-5D3D-4887-829C-0F80FB109BBB}.Release|Any CPU.ActiveCfg = Release|Any CPU
		{4257056A-5D3D-4887-829C-0F80FB109BBB}.Release|Any CPU.Build.0 = Release|Any CPU
		{5BB397E0-02B8-4771-92C4-3539E94D4F45}.Debug|Any CPU.ActiveCfg = Debug|Any CPU
		{5BB397E0-02B8-4771-92C4-3539E94D4F45}.Debug|Any CPU.Build.0 = Debug|Any CPU
		{5BB397E0-02B8-4771-92C4-3539E94D4F45}.Release|Any CPU.ActiveCfg = Release|Any CPU
		{5BB397E0-02B8-4771-92C4-3539E94D4F45}.Release|Any CPU.Build.0 = Release|Any CPU
		{624CC7D3-0834-4975-A60D-9DE2233DD4AC}.Debug|Any CPU.ActiveCfg = Debug|Any CPU
		{624CC7D3-0834-4975-A60D-9DE2233DD4AC}.Debug|Any CPU.Build.0 = Debug|Any CPU
		{624CC7D3-0834-4975-A60D-9DE2233DD4AC}.Release|Any CPU.ActiveCfg = Release|Any CPU
		{624CC7D3-0834-4975-A60D-9DE2233DD4AC}.Release|Any CPU.Build.0 = Release|Any CPU
		{B3AF956D-F2BA-4BB3-9EDA-FCC587D63AC0}.Debug|Any CPU.ActiveCfg = Debug|Any CPU
		{B3AF956D-F2BA-4BB3-9EDA-FCC587D63AC0}.Debug|Any CPU.Build.0 = Debug|Any CPU
		{B3AF956D-F2BA-4BB3-9EDA-FCC587D63AC0}.Release|Any CPU.ActiveCfg = Release|Any CPU
		{B3AF956D-F2BA-4BB3-9EDA-FCC587D63AC0}.Release|Any CPU.Build.0 = Release|Any CPU
	EndGlobalSection
	GlobalSection(SolutionProperties) = preSolution
		HideSolutionNode = FALSE
	EndGlobalSection
	GlobalSection(NestedProjects) = preSolution
		{447A56D6-721A-406F-BC00-37542D676D1C} = {B295277B-9843-4A9B-9576-9F39767F9145}
		{7EAF6F3A-13EC-452F-BA72-8C2D2552F789} = {B295277B-9843-4A9B-9576-9F39767F9145}
		{4257056A-5D3D-4887-829C-0F80FB109BBB} = {B295277B-9843-4A9B-9576-9F39767F9145}
		{5BB397E0-02B8-4771-92C4-3539E94D4F45} = {B295277B-9843-4A9B-9576-9F39767F9145}
		{B3AF956D-F2BA-4BB3-9EDA-FCC587D63AC0} = {B295277B-9843-4A9B-9576-9F39767F9145}
	EndGlobalSection
	GlobalSection(ExtensibilityGlobals) = postSolution
		SolutionGuid = {45A964EB-3586-4D60-A6D1-BCF8C457A3C2}
	EndGlobalSection
EndGlobal
